
Microsoft Visual Studio Solution File, Format Version 12.00
# Visual Studio 14
VisualStudioVersion = 14.0.25420.1
MinimumVisualStudioVersion = 10.0.40219.1
Project("{FAE04EC0-301F-11D3-BF4B-00C04F79EFBC}") = "NullCheck", "NullCheck\NullCheck.csproj", "{89EA2515-0E2A-45DD-84F5-9AB30D33DC02}"
EndProject
Project("{FAE04EC0-301F-11D3-BF4B-00C04F79EFBC}") = "NullCheck.Tests", "NullCheck.Tests\NullCheck.Tests.csproj", "{8CC63F6B-BAF0-4F4D-B286-EFE584C8BEE0}"
EndProject
Global
	GlobalSection(SolutionConfigurationPlatforms) = preSolution
		Debug|Any CPU = Debug|Any CPU
		Release|Any CPU = Release|Any CPU
	EndGlobalSection
	GlobalSection(ProjectConfigurationPlatforms) = postSolution
		{89EA2515-0E2A-45DD-84F5-9AB30D33DC02}.Debug|Any CPU.ActiveCfg = Debug|Any CPU
		{89EA2515-0E2A-45DD-84F5-9AB30D33DC02}.Debug|Any CPU.Build.0 = Debug|Any CPU
		{89EA2515-0E2A-45DD-84F5-9AB30D33DC02}.Release|Any CPU.ActiveCfg = Release|Any CPU
		{89EA2515-0E2A-45DD-84F5-9AB30D33DC02}.Release|Any CPU.Build.0 = Release|Any CPU
		{8CC63F6B-BAF0-4F4D-B286-EFE584C8BEE0}.Debug|Any CPU.ActiveCfg = Debug|Any CPU
		{8CC63F6B-BAF0-4F4D-B286-EFE584C8BEE0}.Debug|Any CPU.Build.0 = Debug|Any CPU
		{8CC63F6B-BAF0-4F4D-B286-EFE584C8BEE0}.Release|Any CPU.ActiveCfg = Release|Any CPU
		{8CC63F6B-BAF0-4F4D-B286-EFE584C8BEE0}.Release|Any CPU.Build.0 = Release|Any CPU
	EndGlobalSection
	GlobalSection(SolutionProperties) = preSolution
		HideSolutionNode = FALSE
	EndGlobalSection
EndGlobal
